{
  "originHash" : "19a4d7c607939aa1f96d8c203d8525da62ef1f17a76669a2d818f8417536665f",
  "pins" : [
    {
      "identity" : "grdb.swift",
      "kind" : "remoteSourceControl",
      "location" : "https://github.com/groue/GRDB.swift",
      "state" : {
        "revision" : "b83108d10f42680d78f23fe4d4d80fc88dab3212",
        "version" : "7.11.1"
      }
    },
    {
      "identity" : "sentry-cocoa",
      "kind" : "remoteSourceControl",
      "location" : "https://github.com/getsentry/sentry-cocoa/",
      "state" : {
        "revision" : "cd213f98af160e6497eeff0707bc3f6a205b159c",
        "version" : "9.26.0"
      }
    },
    {
      "identity" : "xcuitestkit",
      "kind" : "remoteSourceControl",
      "location" : "https://github.com/RISCfuture/XCUITestKit",
      "state" : {
        "branch" : "main",
        "revision" : "797d5d183a67b0bb3034250d34d27f838f6cbab5"
      }
    }
  ],
  "version" : 3
}
